
Microsoft Visual Studio Solution File, Format Version 12.00
# Visual Studio Version 16
VisualStudioVersion = 16.0.29709.97
MinimumVisualStudioVersion = 10.0.40219.1
Project("{9A19103F-16F7-4668-BE54-9A1E7A4F7556}") = "BusStationIS", "BusStationIS\BusStationIS.csproj", "{2996BA2D-067F-4854-BCE3-2D8172268258}"
EndProject
Project("{9A19103F-16F7-4668-BE54-9A1E7A4F7556}") = "BusStationIS.Data", "BusStationIS.Data\BusStationIS.Data.csproj", "{16DDE86B-E7FE-4C3F-AF23-C06E8C6BDE36}"
EndProject
Project("{9A19103F-16F7-4668-BE54-9A1E7A4F7556}") = "BusStationIS.Service", "BusStationIS.Service\BusStationIS.Service.csproj", "{90F3AA02-9613-4892-B66B-290845B5F6ED}"
EndProject
Global
	GlobalSection(SolutionConfigurationPlatforms) = preSolution
		Debug|Any CPU = Debug|Any CPU
		Release|Any CPU = Release|Any CPU
	EndGlobalSection
	GlobalSection(ProjectConfigurationPlatforms) = postSolution
		{2996BA2D-067F-4854-BCE3-2D8172268258}.Debug|Any CPU.ActiveCfg = Debug|Any CPU
		{2996BA2D-067F-4854-BCE3-2D8172268258}.Debug|Any CPU.Build.0 = Debug|Any CPU
		{2996BA2D-067F-4854-BCE3-2D8172268258}.Release|Any CPU.ActiveCfg = Release|Any CPU
		{2996BA2D-067F-4854-BCE3-2D8172268258}.Release|Any CPU.Build.0 = Release|Any CPU
		{16DDE86B-E7FE-4C3F-AF23-C06E8C6BDE36}.Debug|Any CPU.ActiveCfg = Debug|Any CPU
		{16DDE86B-E7FE-4C3F-AF23-C06E8C6BDE36}.Debug|Any CPU.Build.0 = Debug|Any CPU
		{16DDE86B-E7FE-4C3F-AF23-C06E8C6BDE36}.Release|Any CPU.ActiveCfg = Release|Any CPU
		{16DDE86B-E7FE-4C3F-AF23-C06E8C6BDE36}.Release|Any CPU.Build.0 = Release|Any CPU
		{90F3AA02-9613-4892-B66B-290845B5F6ED}.Debug|Any CPU.ActiveCfg = Debug|Any CPU
		{90F3AA02-9613-4892-B66B-290845B5F6ED}.Debug|Any CPU.Build.0 = Debug|Any CPU
		{90F3AA02-9613-4892-B66B-290845B5F6ED}.Release|Any CPU.ActiveCfg = Release|Any CPU
		{90F3AA02-9613-4892-B66B-290845B5F6ED}.Release|Any CPU.Build.0 = Release|Any CPU
	EndGlobalSection
	GlobalSection(SolutionProperties) = preSolution
		HideSolutionNode = FALSE
	EndGlobalSection
	GlobalSection(ExtensibilityGlobals) = postSolution
		SolutionGuid = {797B88AF-98A7-40E9-ABCD-B0AFD5F9B5E5}
	EndGlobalSection
EndGlobal
